// !$*UTF8*$!
{
	archiveVersion = 1;
	classes = {
	};
	objectVersion = 50;
	objects = {

/* Begin PBXBuildFile section */
		251A99B0235EE36E00BDE6E1 /* SetBoardView.swift in Sources */ = {isa = PBXBuildFile; fileRef = 251A99A2235EE36E00BDE6E1 /* SetBoardView.swift */; };
		251A99B1235EE36E00BDE6E1 /* ViewController.swift in Sources */ = {isa = PBXBuildFile; fileRef = 251A99A3235EE36E00BDE6E1 /* ViewController.swift */; };
		251A99B3235EE36E00BDE6E1 /* Card.swift in Sources */ = {isa = PBXBuildFile; fileRef = 251A99A5235EE36E00BDE6E1 /* Card.swift */; };
		251A99B4235EE36E00BDE6E1 /* Main.storyboard in Resources */ = {isa = PBXBuildFile; fileRef = 251A99A6235EE36E00BDE6E1 /* Main.storyboard */; };
		251A99B5235EE36E00BDE6E1 /* Assets.xcassets in Resources */ = {isa = PBXBuildFile; fileRef = 251A99A9235EE36E00BDE6E1 /* Assets.xcassets */; };
		251A99B6235EE36E00BDE6E1 /* LaunchScreen.storyboard in Resources */ = {isa = PBXBuildFile; fileRef = 251A99AA235EE36E00BDE6E1 /* LaunchScreen.storyboard */; };
		251A99B7235EE36E00BDE6E1 /* AppDelegate.swift in Sources */ = {isa = PBXBuildFile; fileRef = 251A99AC235EE36E00BDE6E1 /* AppDelegate.swift */; };
		251A99B8235EE36E00BDE6E1 /* Grid.swift in Sources */ = {isa = PBXBuildFile; fileRef = 251A99AD235EE36E00BDE6E1 /* Grid.swift */; };
		251A99B9235EE36E00BDE6E1 /* SetGameModel.swift in Sources */ = {isa = PBXBuildFile; fileRef = 251A99AE235EE36E00BDE6E1 /* SetGameModel.swift */; };
		252DCEB3235601300055FD65 /* SetGameTests.swift in Sources */ = {isa = PBXBuildFile; fileRef = 252DCEB2235601300055FD65 /* SetGameTests.swift */; };
/* End PBXBuildFile section */

/* Begin PBXContainerItemProxy section */
		252DCEB5235601300055FD65 /* PBXContainerItemProxy */ = {
			isa = PBXContainerItemProxy;
			containerPortal = 250C795F234F331C00D0E10C /* Project object */;
			proxyType = 1;
			remoteGlobalIDString = 250C7966234F331C00D0E10C;
			remoteInfo = SetGame;
		};
/* End PBXContainerItemProxy section */

/* Begin PBXFileReference section */
		250C7967234F331C00D0E10C /* SetGame.app */ = {isa = PBXFileReference; explicitFileType = wrapper.application; includeInIndex = 0; path = SetGame.app; sourceTree = BUILT_PRODUCTS_DIR; };
		251A99A2235EE36E00BDE6E1 /* SetBoardView.swift */ = {isa = PBXFileReference; fileEncoding = 4; lastKnownFileType = sourcecode.swift; path = SetBoardView.swift; sourceTree = "<group>"; };
		251A99A3235EE36E00BDE6E1 /* ViewController.swift */ = {isa = PBXFileReference; fileEncoding = 4; lastKnownFileType = sourcecode.swift; path = ViewController.swift; sourceTree = "<group>"; };
		251A99A5235EE36E00BDE6E1 /* Card.swift */ = {isa = PBXFileReference; fileEncoding = 4; lastKnownFileType = sourcecode.swift; path = Card.swift; sourceTree = "<group>"; };
		251A99A7235EE36E00BDE6E1 /* Base */ = {isa = PBXFileReference; lastKnownFileType = file.storyboard; name = Base; path = Base.lproj/Main.storyboard; sourceTree = "<group>"; };
		251A99A9235EE36E00BDE6E1 /* Assets.xcassets */ = {isa = PBXFileReference; lastKnownFileType = folder.assetcatalog; path = Assets.xcassets; sourceTree = "<group>"; };
		251A99AB235EE36E00BDE6E1 /* Base */ = {isa = PBXFileReference; lastKnownFileType = file.storyboard; name = Base; path = Base.lproj/LaunchScreen.storyboard; sourceTree = "<group>"; };
		251A99AC235EE36E00BDE6E1 /* AppDelegate.swift */ = {isa = PBXFileReference; fileEncoding = 4; lastKnownFileType = sourcecode.swift; path = AppDelegate.swift; sourceTree = "<group>"; };
		251A99AD235EE36E00BDE6E1 /* Grid.swift */ = {isa = PBXFileReference; fileEncoding = 4; lastKnownFileType = sourcecode.swift; path = Grid.swift; sourceTree = "<group>"; };
		251A99AE235EE36E00BDE6E1 /* SetGameModel.swift */ = {isa = PBXFileReference; fileEncoding = 4; lastKnownFileType = sourcecode.swift; path = SetGameModel.swift; sourceTree = "<group>"; };
		251A99AF235EE36E00BDE6E1 /* Info.plist */ = {isa = PBXFileReference; fileEncoding = 4; lastKnownFileType = text.plist.xml; path = Info.plist; sourceTree = "<group>"; };
		252DCEB0235601300055FD65 /* SetGameTests.xctest */ = {isa = PBXFileReference; explicitFileType = wrapper.cfbundle; includeInIndex = 0; path = SetGameTests.xctest; sourceTree = BUILT_PRODUCTS_DIR; };
		252DCEB2235601300055FD65 /* SetGameTests.swift */ = {isa = PBXFileReference; lastKnownFileType = sourcecode.swift; path = SetGameTests.swift; sourceTree = "<group>"; };
		252DCEB4235601300055FD65 /* Info.plist */ = {isa = PBXFileReference; lastKnownFileType = text.plist.xml; path = Info.plist; sourceTree = "<group>"; };
/* End PBXFileReference section */

/* Begin PBXFrameworksBuildPhase section */
		250C7964234F331C00D0E10C /* Frameworks */ = {
			isa = PBXFrameworksBuildPhase;
			buildActionMask = 2147483647;
			files = (
			);
			runOnlyForDeploymentPostprocessing = 0;
		};
		252DCEAD235601300055FD65 /* Frameworks */ = {
			isa = PBXFrameworksBuildPhase;
			buildActionMask = 2147483647;
			files = (
			);
			runOnlyForDeploymentPostprocessing = 0;
		};
/* End PBXFrameworksBuildPhase section */

/* Begin PBXGroup section */
		250C795E234F331C00D0E10C = {
			isa = PBXGroup;
			children = (
				252DCEB1235601300055FD65 /* SetGameTests */,
				250C7968234F331C00D0E10C /* Products */,
				251A99A1235EE36E00BDE6E1 /* SetGame */,
			);
			sourceTree = "<group>";
		};
		250C7968234F331C00D0E10C /* Products */ = {
			isa = PBXGroup;
			children = (
				250C7967234F331C00D0E10C /* SetGame.app */,
				252DCEB0235601300055FD65 /* SetGameTests.xctest */,
			);
			name = Products;
			sourceTree = "<group>";
		};
		251A99A1235EE36E00BDE6E1 /* SetGame */ = {
			isa = PBXGroup;
			children = (
				251A99A2235EE36E00BDE6E1 /* SetBoardView.swift */,
				251A99A3235EE36E00BDE6E1 /* ViewController.swift */,
				251A99A5235EE36E00BDE6E1 /* Card.swift */,
				251A99A6235EE36E00BDE6E1 /* Main.storyboard */,
				251A99A8235EE36E00BDE6E1 /* Supporting Files */,
				251A99AD235EE36E00BDE6E1 /* Grid.swift */,
				251A99AE235EE36E00BDE6E1 /* SetGameModel.swift */,
				251A99AF235EE36E00BDE6E1 /* Info.plist */,
			);
			path = SetGame;
			sourceTree = "<group>";
		};
		251A99A8235EE36E00BDE6E1 /* Supporting Files */ = {
			isa = PBXGroup;
			children = (
				251A99A9235EE36E00BDE6E1 /* Assets.xcassets */,
				251A99AA235EE36E00BDE6E1 /* LaunchScreen.storyboard */,
				251A99AC235EE36E00BDE6E1 /* AppDelegate.swift */,
			);
			path = "Supporting Files";
			sourceTree = "<group>";
		};
		252DCEB1235601300055FD65 /* SetGameTests */ = {
			isa = PBXGroup;
			children = (
				252DCEB2235601300055FD65 /* SetGameTests.swift */,
				252DCEB4235601300055FD65 /* Info.plist */,
			);
			path = SetGameTests;
			sourceTree = "<group>";
		};
/* End PBXGroup section */

/* Begin PBXNativeTarget section */
		250C7966234F331C00D0E10C /* SetGame */ = {
			isa = PBXNativeTarget;
			buildConfigurationList = 250C7979234F331D00D0E10C /* Build configuration list for PBXNativeTarget "SetGame" */;
			buildPhases = (
				250C7963234F331C00D0E10C /* Sources */,
				250C7964234F331C00D0E10C /* Frameworks */,
				250C7965234F331C00D0E10C /* Resources */,
			);
			buildRules = (
			);
			dependencies = (
			);
			name = SetGame;
			productName = SetGame;
			productReference = 250C7967234F331C00D0E10C /* SetGame.app */;
			productType = "com.apple.product-type.application";
		};
		252DCEAF235601300055FD65 /* SetGameTests */ = {
			isa = PBXNativeTarget;
			buildConfigurationList = 252DCEB9235601300055FD65 /* Build configuration list for PBXNativeTarget "SetGameTests" */;
			buildPhases = (
				252DCEAC235601300055FD65 /* Sources */,
				252DCEAD235601300055FD65 /* Frameworks */,
				252DCEAE235601300055FD65 /* Resources */,
			);
			buildRules = (
			);
			dependencies = (
				252DCEB6235601300055FD65 /* PBXTargetDependency */,
			);
			name = SetGameTests;
			productName = SetGameTests;
			productReference = 252DCEB0235601300055FD65 /* SetGameTests.xctest */;
			productType = "com.apple.product-type.bundle.unit-test";
		};
/* End PBXNativeTarget section */

/* Begin PBXProject section */
		250C795F234F331C00D0E10C /* Project object */ = {
			isa = PBXProject;
			attributes = {
				LastSwiftUpdateCheck = 1030;
				LastUpgradeCheck = 1030;
				ORGANIZATIONNAME = "Nogah Melamed Cohen";
				TargetAttributes = {
					250C7966234F331C00D0E10C = {
						CreatedOnToolsVersion = 10.3;
					};
					252DCEAF235601300055FD65 = {
						CreatedOnToolsVersion = 10.3;
						TestTargetID = 250C7966234F331C00D0E10C;
					};
				};
			};
			buildConfigurationList = 250C7962234F331C00D0E10C /* Build configuration list for PBXProject "SetGame" */;
			compatibilityVersion = "Xcode 9.3";
			developmentRegion = en;
			hasScannedForEncodings = 0;
			knownRegions = (
				en,
				Base,
			);
			mainGroup = 250C795E234F331C00D0E10C;
			productRefGroup = 250C7968234F331C00D0E10C /* Products */;
			projectDirPath = "";
			projectRoot = "";
			targets = (
				250C7966234F331C00D0E10C /* SetGame */,
				252DCEAF235601300055FD65 /* SetGameTests */,
			);
		};
/* End PBXProject section */

/* Begin PBXResourcesBuildPhase section */
		250C7965234F331C00D0E10C /* Resources */ = {
			isa = PBXResourcesBuildPhase;
			buildActionMask = 2147483647;
			files = (
				251A99B6235EE36E00BDE6E1 /* LaunchScreen.storyboard in Resources */,
				251A99B5235EE36E00BDE6E1 /* Assets.xcassets in Resources */,
				251A99B4235EE36E00BDE6E1 /* Main.storyboard in Resources */,
			);
			runOnlyForDeploymentPostprocessing = 0;
		};
		252DCEAE235601300055FD65 /* Resources */ = {
			isa = PBXResourcesBuildPhase;
			buildActionMask = 2147483647;
			files = (
			);
			runOnlyForDeploymentPostprocessing = 0;
		};
/* End PBXResourcesBuildPhase section */

/* Begin PBXSourcesBuildPhase section */
		250C7963234F331C00D0E10C /* Sources */ = {
			isa = PBXSourcesBuildPhase;
			buildActionMask = 2147483647;
			files = (
				251A99B1235EE36E00BDE6E1 /* ViewController.swift in Sources */,
				251A99B0235EE36E00BDE6E1 /* SetBoardView.swift in Sources */,
				251A99B7235EE36E00BDE6E1 /* AppDelegate.swift in Sources */,
				251A99B9235EE36E00BDE6E1 /* SetGameModel.swift in Sources */,
				251A99B3235EE36E00BDE6E1 /* Card.swift in Sources */,
				251A99B8235EE36E00BDE6E1 /* Grid.swift in Sources */,
			);
			runOnlyForDeploymentPostprocessing = 0;
		};
		252DCEAC235601300055FD65 /* Sources */ = {
			isa = PBXSourcesBuildPhase;
			buildActionMask = 2147483647;
			files = (
				252DCEB3235601300055FD65 /* SetGameTests.swift in Sources */,
			);
			runOnlyForDeploymentPostprocessing = 0;
		};
/* End PBXSourcesBuildPhase section */

/* Begin PBXTargetDependency section */
		252DCEB6235601300055FD65 /* PBXTargetDependency */ = {
			isa = PBXTargetDependency;
			target = 250C7966234F331C00D0E10C /* SetGame */;
			targetProxy = 252DCEB5235601300055FD65 /* PBXContainerItemProxy */;
		};
/* End PBXTargetDependency section */

/* Begin PBXVariantGroup section */
		251A99A6235EE36E00BDE6E1 /* Main.storyboard */ = {
			isa = PBXVariantGroup;
			children = (
				251A99A7235EE36E00BDE6E1 /* Base */,
			);
			name = Main.storyboard;
			sourceTree = "<group>";
		};
		251A99AA235EE36E00BDE6E1 /* LaunchScreen.storyboard */ = {
			isa = PBXVariantGroup;
			children = (
				251A99AB235EE36E00BDE6E1 /* Base */,
			);
			name = LaunchScreen.storyboard;
			sourceTree = "<group>";
		};
/* End PBXVariantGroup section */

/* Begin XCBuildConfiguration section */
		250C7977234F331D00D0E10C /* Debug */ = {
			isa = XCBuildConfiguration;
			buildSettings = {
				ALWAYS_SEARCH_USER_PATHS = NO;
				CLANG_ANALYZER_NONNULL = YES;
				CLANG_ANALYZER_NUMBER_OBJECT_CONVERSION = YES_AGGRESSIVE;
				CLANG_CXX_LANGUAGE_STANDARD = "gnu++14";
				CLANG_CXX_LIBRARY = "libc++";
				CLANG_ENABLE_MODULES = YES;
				CLANG_ENABLE_OBJC_ARC = YES;
				CLANG_ENABLE_OBJC_WEAK = YES;
				CLANG_WARN_BLOCK_CAPTURE_AUTORELEASING = YES;
				CLANG_WARN_BOOL_CONVERSION = YES;
				CLANG_WARN_COMMA = YES;
				CLANG_WARN_CONSTANT_CONVERSION = YES;
				CLANG_WARN_DEPRECATED_OBJC_IMPLEMENTATIONS = YES;
				CLANG_WARN_DIRECT_OBJC_ISA_USAGE = YES_ERROR;
				CLANG_WARN_DOCUMENTATION_COMMENTS = YES;
				CLANG_WARN_EMPTY_BODY = YES;
				CLANG_WARN_ENUM_CONVERSION = YES;
				CLANG_WARN_INFINITE_RECURSION = YES;
				CLANG_WARN_INT_CONVERSION = YES;
				CLANG_WARN_NON_LITERAL_NULL_CONVERSION = YES;
				CLANG_WARN_OBJC_IMPLICIT_RETAIN_SELF = YES;
				CLANG_WARN_OBJC_LITERAL_CONVERSION = YES;
				CLANG_WARN_OBJC_ROOT_CLASS = YES_ERROR;
				CLANG_WARN_RANGE_LOOP_ANALYSIS = YES;
				CLANG_WARN_STRICT_PROTOTYPES = YES;
				CLANG_WARN_SUSPICIOUS_MOVE = YES;
				CLANG_WARN_UNGUARDED_AVAILABILITY = YES_AGGRESSIVE;
				CLANG_WARN_UNREACHABLE_CODE = YES;
				CLANG_WARN__DUPLICATE_METHOD_MATCH = YES;
				CODE_SIGN_IDENTITY = "iPhone Developer";
				COPY_PHASE_STRIP = NO;
				DEBUG_INFORMATION_FORMAT = dwarf;
				ENABLE_STRICT_OBJC_MSGSEND = YES;
				ENABLE_TESTABILITY = YES;
				GCC_C_LANGUAGE_STANDARD = gnu11;
				GCC_DYNAMIC_NO_PIC = NO;
				GCC_NO_COMMON_BLOCKS = YES;
				GCC_OPTIMIZATION_LEVEL = 0;
				GCC_PREPROCESSOR_DEFINITIONS = (
					"DEBUG=1",
					"$(inherited)",
				);
				GCC_WARN_64_TO_32_BIT_CONVERSION = YES;
				GCC_WARN_ABOUT_RETURN_TYPE = YES_ERROR;
				GCC_WARN_UNDECLARED_SELECTOR = YES;
				GCC_WARN_UNINITIALIZED_AUTOS = YES_AGGRESSIVE;
				GCC_WARN_UNUSED_FUNCTION = YES;
				GCC_WARN_UNUSED_VARIABLE = YES;
				IPHONEOS_DEPLOYMENT_TARGET = 12.4;
				MTL_ENABLE_DEBUG_INFO = INCLUDE_SOURCE;
				MTL_FAST_MATH = YES;
				ONLY_ACTIVE_ARCH = YES;
				SDKROOT = iphoneos;
				SWIFT_ACTIVE_COMPILATION_CONDITIONS = DEBUG;
				SWIFT_OPTIMIZATION_LEVEL = "-Onone";
			};
			name = Debug;
		};
		250C7978234F331D00D0E10C /* Release */ = {
			isa = XCBuildConfiguration;
			buildSettings = {
				ALWAYS_SEARCH_USER_PATHS = NO;
				CLANG_ANALYZER_NONNULL = YES;
				CLANG_ANALYZER_NUMBER_OBJECT_CONVERSION = YES_AGGRESSIVE;
				CLANG_CXX_LANGUAGE_STANDARD = "gnu++14";
				CLANG_CXX_LIBRARY = "libc++";
				CLANG_ENABLE_MODULES = YES;
				CLANG_ENABLE_OBJC_ARC = YES;
				CLANG_ENABLE_OBJC_WEAK = YES;
				CLANG_WARN_BLOCK_CAPTURE_AUTORELEASING = YES;
				CLANG_WARN_BOOL_CONVERSION = YES;
				CLANG_WARN_COMMA = YES;
				CLANG_WARN_CONSTANT_CONVERSION = YES;
				CLANG_WARN_DEPRECATED_OBJC_IMPLEMENTATIONS = YES;
				CLANG_WARN_DIRECT_OBJC_ISA_USAGE = YES_ERROR;
				CLANG_WARN_DOCUMENTATION_COMMENTS = YES;
				CLANG_WARN_EMPTY_BODY = YES;
				CLANG_WARN_ENUM_CONVERSION = YES;
				CLANG_WARN_INFINITE_RECURSION = YES;
				CLANG_WARN_INT_CONVERSION = YES;
				CLANG_WARN_NON_LITERAL_NULL_CONVERSION = YES;
				CLANG_WARN_OBJC_IMPLICIT_RETAIN_SELF = YES;
				CLANG_WARN_OBJC_LITERAL_CONVERSION = YES;
				CLANG_WARN_OBJC_ROOT_CLASS = YES_ERROR;
				CLANG_WARN_RANGE_LOOP_ANALYSIS = YES;
				CLANG_WARN_STRICT_PROTOTYPES = YES;
				CLANG_WARN_SUSPICIOUS_MOVE = YES;
				CLANG_WARN_UNGUARDED_AVAILABILITY = YES_AGGRESSIVE;
				CLANG_WARN_UNREACHABLE_CODE = YES;
				CLANG_WARN__DUPLICATE_METHOD_MATCH = YES;
				CODE_SIGN_IDENTITY = "iPhone Developer";
				COPY_PHASE_STRIP = NO;
				DEBUG_INFORMATION_FORMAT = "dwarf-with-dsym";
				ENABLE_NS_ASSERTIONS = NO;
				ENABLE_STRICT_OBJC_MSGSEND = YES;
				GCC_C_LANGUAGE_STANDARD = gnu11;
				GCC_NO_COMMON_BLOCKS = YES;
				GCC_WARN_64_TO_32_BIT_CONVERSION = YES;
				GCC_WARN_ABOUT_RETURN_TYPE = YES_ERROR;
				GCC_WARN_UNDECLARED_SELECTOR = YES;
				GCC_WARN_UNINITIALIZED_AUTOS = YES_AGGRESSIVE;
				GCC_WARN_UNUSED_FUNCTION = YES;
				GCC_WARN_UNUSED_VARIABLE = YES;
				IPHONEOS_DEPLOYMENT_TARGET = 12.4;
				MTL_ENABLE_DEBUG_INFO = NO;
				MTL_FAST_MATH = YES;
				SDKROOT = iphoneos;
				SWIFT_COMPILATION_MODE = wholemodule;
				SWIFT_OPTIMIZATION_LEVEL = "-O";
				VALIDATE_PRODUCT = YES;
			};
			name = Release;
		};
		250C797A234F331D00D0E10C /* Debug */ = {
			isa = XCBuildConfiguration;
			buildSettings = {
				ASSETCATALOG_COMPILER_APPICON_NAME = AppIcon;
				CODE_SIGN_STYLE = Automatic;
				DEVELOPMENT_TEAM = 74Z7DL5V27;
				INFOPLIST_FILE = SetGame/Info.plist;
				LD_RUNPATH_SEARCH_PATHS = (
					"$(inherited)",
					"@executable_path/Frameworks",
				);
				PRODUCT_BUNDLE_IDENTIFIER = nogah.SetGame;
				PRODUCT_NAME = "$(TARGET_NAME)";
				SWIFT_VERSION = 5.0;
				TARGETED_DEVICE_FAMILY = "1,2";
			};
			name = Debug;
		};
		250C797B234F331D00D0E10C /* Release */ = {
			isa = XCBuildConfiguration;
			buildSettings = {
				ASSETCATALOG_COMPILER_APPICON_NAME = AppIcon;
				CODE_SIGN_STYLE = Automatic;
				DEVELOPMENT_TEAM = 74Z7DL5V27;
				INFOPLIST_FILE = SetGame/Info.plist;
				LD_RUNPATH_SEARCH_PATHS = (
					"$(inherited)",
					"@executable_path/Frameworks",
				);
				PRODUCT_BUNDLE_IDENTIFIER = nogah.SetGame;
				PRODUCT_NAME = "$(TARGET_NAME)";
				SWIFT_VERSION = 5.0;
				TARGETED_DEVICE_FAMILY = "1,2";
			};
			name = Release;
		};
		252DCEB7235601300055FD65 /* Debug */ = {
			isa = XCBuildConfiguration;
			buildSettings = {
				ALWAYS_EMBED_SWIFT_STANDARD_LIBRARIES = YES;
				BUNDLE_LOADER = "$(TEST_HOST)";
				CODE_SIGN_STYLE = Automatic;
				DEVELOPMENT_TEAM = 74Z7DL5V27;
				INFOPLIST_FILE = SetGameTests/Info.plist;
				LD_RUNPATH_SEARCH_PATHS = (
					"$(inherited)",
					"@executable_path/Frameworks",
					"@loader_path/Frameworks",
				);
				PRODUCT_BUNDLE_IDENTIFIER = nogah.SetGameTests;
				PRODUCT_NAME = "$(TARGET_NAME)";
				SWIFT_VERSION = 5.0;
				TARGETED_DEVICE_FAMILY = "1,2";
				TEST_HOST = "$(BUILT_PRODUCTS_DIR)/SetGame.app/SetGame";
			};
			name = Debug;
		};
		252DCEB8235601300055FD65 /* Release */ = {
			isa = XCBuildConfiguration;
			buildSettings = {
				ALWAYS_EMBED_SWIFT_STANDARD_LIBRARIES = YES;
				BUNDLE_LOADER = "$(TEST_HOST)";
				CODE_SIGN_STYLE = Automatic;
				DEVELOPMENT_TEAM = 74Z7DL5V27;
				INFOPLIST_FILE = SetGameTests/Info.plist;
				LD_RUNPATH_SEARCH_PATHS = (
					"$(inherited)",
					"@executable_path/Frameworks",
					"@loader_path/Frameworks",
				);
				PRODUCT_BUNDLE_IDENTIFIER = nogah.SetGameTests;
				PRODUCT_NAME = "$(TARGET_NAME)";
				SWIFT_VERSION = 5.0;
				TARGETED_DEVICE_FAMILY = "1,2";
				TEST_HOST = "$(BUILT_PRODUCTS_DIR)/SetGame.app/SetGame";
			};
			name = Release;
		};
/* End XCBuildConfiguration section */

/* Begin XCConfigurationList section */
		250C7962234F331C00D0E10C /* Build configuration list for PBXProject "SetGame" */ = {
			isa = XCConfigurationList;
			buildConfigurations = (
				250C7977234F331D00D0E10C /* Debug */,
				250C7978234F331D00D0E10C /* Release */,
			);
			defaultConfigurationIsVisible = 0;
			defaultConfigurationName = Release;
		};
		250C7979234F331D00D0E10C /* Build configuration list for PBXNativeTarget "SetGame" */ = {
			isa = XCConfigurationList;
			buildConfigurations = (
				250C797A234F331D00D0E10C /* Debug */,
				250C797B234F331D00D0E10C /* Release */,
			);
			defaultConfigurationIsVisible = 0;
			defaultConfigurationName = Release;
		};
		252DCEB9235601300055FD65 /* Build configuration list for PBXNativeTarget "SetGameTests" */ = {
			isa = XCConfigurationList;
			buildConfigurations = (
				252DCEB7235601300055FD65 /* Debug */,
				252DCEB8235601300055FD65 /* Release */,
			);
			defaultConfigurationIsVisible = 0;
			defaultConfigurationName = Release;
		};
/* End XCConfigurationList section */
	};
	rootObject = 250C795F234F331C00D0E10C /* Project object */;
}
